
Microsoft Visual Studio Solution File, Format Version 12.00
# Visual Studio Version 17
VisualStudioVersion = 17.9.34622.214
MinimumVisualStudioVersion = 10.0.40219.1
Project("{9A19103F-16F7-4668-BE54-9A1E7A4F7556}") = "PROG6212", "PROG6212.csproj", "{0DA0E184-89C1-44BB-A5CE-45164C8E7FBA}"
EndProject
Project("{FAE04EC0-301F-11D3-BF4B-00C04F79EFBC}") = "POE2UnitTests", "..\POE2UnitTests\POE2UnitTests.csproj", "{47F6EA69-943F-43C2-9763-5AAC3936DF0B}"
EndProject
Global
	GlobalSection(SolutionConfigurationPlatforms) = preSolution
		Debug|Any CPU = Debug|Any CPU
		Release|Any CPU = Release|Any CPU
	EndGlobalSection
	GlobalSection(ProjectConfigurationPlatforms) = postSolution
		{0DA0E184-89C1-44BB-A5CE-45164C8E7FBA}.Debug|Any CPU.ActiveCfg = Debug|Any CPU
		{0DA0E184-89C1-44BB-A5CE-45164C8E7FBA}.Debug|Any CPU.Build.0 = Debug|Any CPU
		{0DA0E184-89C1-44BB-A5CE-45164C8E7FBA}.Release|Any CPU.ActiveCfg = Release|Any CPU
		{0DA0E184-89C1-44BB-A5CE-45164C8E7FBA}.Release|Any CPU.Build.0 = Release|Any CPU
		{47F6EA69-943F-43C2-9763-5AAC3936DF0B}.Debug|Any CPU.ActiveCfg = Debug|Any CPU
		{47F6EA69-943F-43C2-9763-5AAC3936DF0B}.Debug|Any CPU.Build.0 = Debug|Any CPU
		{47F6EA69-943F-43C2-9763-5AAC3936DF0B}.Release|Any CPU.ActiveCfg = Release|Any CPU
		{47F6EA69-943F-43C2-9763-5AAC3936DF0B}.Release|Any CPU.Build.0 = Release|Any CPU
	EndGlobalSection
	GlobalSection(SolutionProperties) = preSolution
		HideSolutionNode = FALSE
	EndGlobalSection
	GlobalSection(ExtensibilityGlobals) = postSolution
		SolutionGuid = {EBD9C565-408D-4C35-ABE1-7C5881F6E0E3}
	EndGlobalSection
EndGlobal
